<?xml version="1.0" encoding="utf-8"?>
<Project ToolsVersion="4.0" xmlns="http://schemas.microsoft.com/developer/msbuild/2003">
  <ItemGroup>
    <Filter Include="源文件">
      <UniqueIdentifier>{4FC737F1-C7A5-4376-A066-2A32D752A2FF}</UniqueIdentifier>
      <Extensions>cpp;c;cc;cxx;def;odl;idl;hpj;bat;asm;asmx</Extensions>
    </Filter>
    <Filter Include="头文件">
      <UniqueIdentifier>{93995380-89BD-4b04-88EB-625FBE52EBFB}</UniqueIdentifier>
      <Extensions>h;hpp;hxx;hm;inl;inc;xsd</Extensions>
    </Filter>
  </ItemGroup>
  <ItemGroup>
    <ClInclude Include="Stdafx.h">
      <Filter>头文件</Filter>
    </ClInclude>
    <ClInclude Include="InOut.h">
      <Filter>头文件</Filter>
    </ClInclude>
    <ClInclude Include="ReactionParser.h">
      <Filter>头文件</Filter>
    </ClInclude>
    <ClInclude Include="GrammarPatternSelector.h">
      <Filter>头文件</Filter>
    </ClInclude>
    <ClInclude Include="ChainGenerator.h">
      <Filter>头文件</Filter>
    </ClInclude>
    <ClInclude Include="ChainAnalyzer.h">
      <Filter>头文件</Filter>
    </ClInclude>
    <ClInclude Include="ExtractConceptChains.h">
      <Filter>头文件</Filter>
    </ClInclude>
    <ClInclude Include="SentenceGenerator.h">
      <Filter>头文件</Filter>
    </ClInclude>
    <ClInclude Include="AskAboutUnknownWords.h">
      <Filter>头文件</Filter>
    </ClInclude>
    <ClInclude Include="LogicReactor.h">
      <Filter>头文件</Filter>
    </ClInclude>
    <ClInclude Include="SentenceTypeDetermination.h">
      <Filter>头文件</Filter>
    </ClInclude>
  </ItemGroup>
  <ItemGroup>
    <ClCompile Include="Stdafx.cpp">
      <Filter>源文件</Filter>
    </ClCompile>
    <ClCompile Include="ReactionParser.cpp">
      <Filter>源文件</Filter>
    </ClCompile>
    <ClCompile Include="GrammarPatternSelector.cpp">
      <Filter>源文件</Filter>
    </ClCompile>
    <ClCompile Include="ChainGenerator.cpp">
      <Filter>源文件</Filter>
    </ClCompile>
    <ClCompile Include="ChainAnalyzer.cpp">
      <Filter>源文件</Filter>
    </ClCompile>
    <ClCompile Include="ExtractConceptChains.cpp">
      <Filter>源文件</Filter>
    </ClCompile>
    <ClCompile Include="SentenceGenerator.cpp">
      <Filter>源文件</Filter>
    </ClCompile>
    <ClCompile Include="AskAboutUnknownWords.cpp">
      <Filter>源文件</Filter>
    </ClCompile>
    <ClCompile Include="LogicReactor.cpp">
      <Filter>源文件</Filter>
    </ClCompile>
    <ClCompile Include="SentenceTypeDetermination.cpp">
      <Filter>源文件</Filter>
    </ClCompile>
  </ItemGroup>
  <ItemGroup>
    <None Include="ReadMe.txt" />
  </ItemGroup>
</Project>