
Microsoft Visual Studio Solution File, Format Version 11.00
# Visual Studio 2010
Project("{8BC9CEB8-8B4A-11D0-8D11-00A0C91BC942}") = "ManageWrapper", "ManageWrapper\ManageWrapper.vcxproj", "{4B880301-9F68-4E90-8D44-C1B7076BDF73}"
EndProject
Project("{FAE04EC0-301F-11D3-BF4B-00C04F79EFBC}") = "DataWrapperCS", "DataWrapperCS\DataWrapperCS.csproj", "{7C9CCDF9-7013-407A-8B14-5A403448F87B}"
EndProject
Project("{8BC9CEB8-8B4A-11D0-8D11-00A0C91BC942}") = "DataWrapperCPP", "DataWrapperCPP\DataWrapperCPP.vcxproj", "{4AFE5EFC-1E7A-474C-98DC-3CB7E49E8030}"
EndProject
Project("{8BC9CEB8-8B4A-11D0-8D11-00A0C91BC942}") = "CommandList", "CommandList\CommandList.vcxproj", "{72E7EBC3-898D-4368-9583-8A94FFF92572}"
EndProject
Project("{8BC9CEB8-8B4A-11D0-8D11-00A0C91BC942}") = "SentenceAnalysisAlgorithm", "SentenceAnalysisAlgorithm\SentenceAnalysisAlgorithm.vcxproj", "{347B0DC1-09B3-43E1-8ED4-43A85A3DCC7F}"
EndProject
Project("{8BC9CEB8-8B4A-11D0-8D11-00A0C91BC942}") = "ReactionAnalysisAlgorithm", "ReactionAnalysisAlgorithm\ReactionAnalysisAlgorithm.vcxproj", "{2D055626-AD7E-4938-B59E-FE1B8851AA32}"
EndProject
Project("{8BC9CEB8-8B4A-11D0-8D11-00A0C91BC942}") = "ReactionList", "ReactionList\ReactionList.vcxproj", "{4AC69AEF-37A1-44C8-B081-518527FD527C}"
EndProject
Project("{8BC9CEB8-8B4A-11D0-8D11-00A0C91BC942}") = "DataCollection", "DataCollection\DataCollection.vcxproj", "{3535F6FA-DA4D-4A49-8587-3BE2DC8C4278}"
EndProject
Project("{8BC9CEB8-8B4A-11D0-8D11-00A0C91BC942}") = "CommonTools", "CommonTools\CommonTools.vcxproj", "{E3CE7562-E989-4069-AD9F-FD7D45B1DC46}"
EndProject
Project("{8BC9CEB8-8B4A-11D0-8D11-00A0C91BC942}") = "Mathmatic", "Mathmatic\Mathmatic.vcxproj", "{E077393A-A460-43CF-869E-D4B3EA36DC3B}"
EndProject
Project("{8BC9CEB8-8B4A-11D0-8D11-00A0C91BC942}") = "Neural Network Design", "Neural Network Design\Neural Network Design.vcxproj", "{0F9D9851-7103-4CA2-977F-266020313BAF}"
EndProject
Project("{8BC9CEB8-8B4A-11D0-8D11-00A0C91BC942}") = "Mind", "Mind\Mind.vcxproj", "{B4E0ED6D-CAC1-4881-BEE1-C154BA5C7DF4}"
EndProject
Project("{8BC9CEB8-8B4A-11D0-8D11-00A0C91BC942}") = "LearningAlgorithm", "LearningAlgorithm\LearningAlgorithm.vcxproj", "{8C9A324B-23A7-49CF-95E9-1B6209761472}"
EndProject
Project("{FAE04EC0-301F-11D3-BF4B-00C04F79EFBC}") = "HopeLove", "HopeLove\HopeLove.csproj", "{FD2C96E5-32AC-4F7F-924A-F0C332EAA221}"
EndProject
Project("{FAE04EC0-301F-11D3-BF4B-00C04F79EFBC}") = "GlobalInterface", "GlobalInterface\GlobalInterface.csproj", "{B35D6007-1C1B-48A3-A6A8-B9438366537A}"
EndProject
Project("{8BC9CEB8-8B4A-11D0-8D11-00A0C91BC942}") = "LogicSystem", "LogicSystem\LogicSystem.vcxproj", "{9F99884F-7129-4BF4-AF3F-98DAEAB5224C}"
EndProject
Project("{8BC9CEB8-8B4A-11D0-8D11-00A0C91BC942}") = "MindElement", "MindElement\MindElement.vcxproj", "{0270E5BD-21C1-4423-9969-0EF1CE1B0274}"
EndProject
Project("{8BC9CEB8-8B4A-11D0-8D11-00A0C91BC942}") = "MindInterface", "MindInterface\MindInterface.vcxproj", "{FC0E908A-2D96-41D5-B2BC-7416E325DCCC}"
EndProject
Project("{2150E333-8FDC-42A3-9474-1A3956D46DE8}") = "Test", "Test", "{3EA42127-C7E3-4B15-BCCB-509AE66B1E59}"
EndProject
Project("{8BC9CEB8-8B4A-11D0-8D11-00A0C91BC942}") = "UnitTest", "UnitTest\UnitTest.vcxproj", "{894AE4B6-30FF-493E-85A5-D115DF29C848}"
EndProject
Project("{8BC9CEB8-8B4A-11D0-8D11-00A0C91BC942}") = "UTFacility", "UTFacility\UTFacility.vcxproj", "{0174F226-8548-412C-BEB5-93E3C167217A}"
EndProject
Global
	GlobalSection(SolutionConfigurationPlatforms) = preSolution
		Debug|Any CPU = Debug|Any CPU
		Debug|Mixed Platforms = Debug|Mixed Platforms
		Debug|Win32 = Debug|Win32
		Debug|x86 = Debug|x86
		Release|Any CPU = Release|Any CPU
		Release|Mixed Platforms = Release|Mixed Platforms
		Release|Win32 = Release|Win32
		Release|x86 = Release|x86
	EndGlobalSection
	GlobalSection(ProjectConfigurationPlatforms) = postSolution
		{4B880301-9F68-4E90-8D44-C1B7076BDF73}.Debug|Any CPU.ActiveCfg = Debug|Win32
		{4B880301-9F68-4E90-8D44-C1B7076BDF73}.Debug|Mixed Platforms.ActiveCfg = Debug|Win32
		{4B880301-9F68-4E90-8D44-C1B7076BDF73}.Debug|Mixed Platforms.Build.0 = Debug|Win32
		{4B880301-9F68-4E90-8D44-C1B7076BDF73}.Debug|Win32.ActiveCfg = Debug|Win32
		{4B880301-9F68-4E90-8D44-C1B7076BDF73}.Debug|Win32.Build.0 = Debug|Win32
		{4B880301-9F68-4E90-8D44-C1B7076BDF73}.Debug|x86.ActiveCfg = Debug|Win32
		{4B880301-9F68-4E90-8D44-C1B7076BDF73}.Release|Any CPU.ActiveCfg = Release|Win32
		{4B880301-9F68-4E90-8D44-C1B7076BDF73}.Release|Mixed Platforms.ActiveCfg = Release|Win32
		{4B880301-9F68-4E90-8D44-C1B7076BDF73}.Release|Mixed Platforms.Build.0 = Release|Win32
		{4B880301-9F68-4E90-8D44-C1B7076BDF73}.Release|Win32.ActiveCfg = Release|Win32
		{4B880301-9F68-4E90-8D44-C1B7076BDF73}.Release|Win32.Build.0 = Release|Win32
		{4B880301-9F68-4E90-8D44-C1B7076BDF73}.Release|x86.ActiveCfg = Release|Win32
		{7C9CCDF9-7013-407A-8B14-5A403448F87B}.Debug|Any CPU.ActiveCfg = Debug|Any CPU
		{7C9CCDF9-7013-407A-8B14-5A403448F87B}.Debug|Any CPU.Build.0 = Debug|Any CPU
		{7C9CCDF9-7013-407A-8B14-5A403448F87B}.Debug|Mixed Platforms.ActiveCfg = Debug|Any CPU
		{7C9CCDF9-7013-407A-8B14-5A403448F87B}.Debug|Mixed Platforms.Build.0 = Debug|Any CPU
		{7C9CCDF9-7013-407A-8B14-5A403448F87B}.Debug|Win32.ActiveCfg = Debug|Any CPU
		{7C9CCDF9-7013-407A-8B14-5A403448F87B}.Debug|x86.ActiveCfg = Debug|Any CPU
		{7C9CCDF9-7013-407A-8B14-5A403448F87B}.Release|Any CPU.ActiveCfg = Release|Any CPU
		{7C9CCDF9-7013-407A-8B14-5A403448F87B}.Release|Any CPU.Build.0 = Release|Any CPU
		{7C9CCDF9-7013-407A-8B14-5A403448F87B}.Release|Mixed Platforms.ActiveCfg = Release|Any CPU
		{7C9CCDF9-7013-407A-8B14-5A403448F87B}.Release|Mixed Platforms.Build.0 = Release|Any CPU
		{7C9CCDF9-7013-407A-8B14-5A403448F87B}.Release|Win32.ActiveCfg = Release|Any CPU
		{7C9CCDF9-7013-407A-8B14-5A403448F87B}.Release|x86.ActiveCfg = Release|Any CPU
		{4AFE5EFC-1E7A-474C-98DC-3CB7E49E8030}.Debug|Any CPU.ActiveCfg = Debug|Win32
		{4AFE5EFC-1E7A-474C-98DC-3CB7E49E8030}.Debug|Mixed Platforms.ActiveCfg = Debug|Win32
		{4AFE5EFC-1E7A-474C-98DC-3CB7E49E8030}.Debug|Mixed Platforms.Build.0 = Debug|Win32
		{4AFE5EFC-1E7A-474C-98DC-3CB7E49E8030}.Debug|Win32.ActiveCfg = Debug|Win32
		{4AFE5EFC-1E7A-474C-98DC-3CB7E49E8030}.Debug|Win32.Build.0 = Debug|Win32
		{4AFE5EFC-1E7A-474C-98DC-3CB7E49E8030}.Debug|x86.ActiveCfg = Debug|Win32
		{4AFE5EFC-1E7A-474C-98DC-3CB7E49E8030}.Release|Any CPU.ActiveCfg = Release|Win32
		{4AFE5EFC-1E7A-474C-98DC-3CB7E49E8030}.Release|Mixed Platforms.ActiveCfg = Release|Win32
		{4AFE5EFC-1E7A-474C-98DC-3CB7E49E8030}.Release|Mixed Platforms.Build.0 = Release|Win32
		{4AFE5EFC-1E7A-474C-98DC-3CB7E49E8030}.Release|Win32.ActiveCfg = Release|Win32
		{4AFE5EFC-1E7A-474C-98DC-3CB7E49E8030}.Release|Win32.Build.0 = Release|Win32
		{4AFE5EFC-1E7A-474C-98DC-3CB7E49E8030}.Release|x86.ActiveCfg = Release|Win32
		{72E7EBC3-898D-4368-9583-8A94FFF92572}.Debug|Any CPU.ActiveCfg = Debug|Win32
		{72E7EBC3-898D-4368-9583-8A94FFF92572}.Debug|Mixed Platforms.ActiveCfg = Debug|Win32
		{72E7EBC3-898D-4368-9583-8A94FFF92572}.Debug|Mixed Platforms.Build.0 = Debug|Win32
		{72E7EBC3-898D-4368-9583-8A94FFF92572}.Debug|Win32.ActiveCfg = Debug|Win32
		{72E7EBC3-898D-4368-9583-8A94FFF92572}.Debug|Win32.Build.0 = Debug|Win32
		{72E7EBC3-898D-4368-9583-8A94FFF92572}.Debug|x86.ActiveCfg = Debug|Win32
		{72E7EBC3-898D-4368-9583-8A94FFF92572}.Release|Any CPU.ActiveCfg = Release|Win32
		{72E7EBC3-898D-4368-9583-8A94FFF92572}.Release|Mixed Platforms.ActiveCfg = Release|Win32
		{72E7EBC3-898D-4368-9583-8A94FFF92572}.Release|Mixed Platforms.Build.0 = Release|Win32
		{72E7EBC3-898D-4368-9583-8A94FFF92572}.Release|Win32.ActiveCfg = Release|Win32
		{72E7EBC3-898D-4368-9583-8A94FFF92572}.Release|Win32.Build.0 = Release|Win32
		{72E7EBC3-898D-4368-9583-8A94FFF92572}.Release|x86.ActiveCfg = Release|Win32
		{347B0DC1-09B3-43E1-8ED4-43A85A3DCC7F}.Debug|Any CPU.ActiveCfg = Debug|Win32
		{347B0DC1-09B3-43E1-8ED4-43A85A3DCC7F}.Debug|Mixed Platforms.ActiveCfg = Debug|Win32
		{347B0DC1-09B3-43E1-8ED4-43A85A3DCC7F}.Debug|Mixed Platforms.Build.0 = Debug|Win32
		{347B0DC1-09B3-43E1-8ED4-43A85A3DCC7F}.Debug|Win32.ActiveCfg = Debug|Win32
		{347B0DC1-09B3-43E1-8ED4-43A85A3DCC7F}.Debug|Win32.Build.0 = Debug|Win32
		{347B0DC1-09B3-43E1-8ED4-43A85A3DCC7F}.Debug|x86.ActiveCfg = Debug|Win32
		{347B0DC1-09B3-43E1-8ED4-43A85A3DCC7F}.Release|Any CPU.ActiveCfg = Release|Win32
		{347B0DC1-09B3-43E1-8ED4-43A85A3DCC7F}.Release|Mixed Platforms.ActiveCfg = Release|Win32
		{347B0DC1-09B3-43E1-8ED4-43A85A3DCC7F}.Release|Mixed Platforms.Build.0 = Release|Win32
		{347B0DC1-09B3-43E1-8ED4-43A85A3DCC7F}.Release|Win32.ActiveCfg = Release|Win32
		{347B0DC1-09B3-43E1-8ED4-43A85A3DCC7F}.Release|Win32.Build.0 = Release|Win32
		{347B0DC1-09B3-43E1-8ED4-43A85A3DCC7F}.Release|x86.ActiveCfg = Release|Win32
		{2D055626-AD7E-4938-B59E-FE1B8851AA32}.Debug|Any CPU.ActiveCfg = Debug|Win32
		{2D055626-AD7E-4938-B59E-FE1B8851AA32}.Debug|Mixed Platforms.ActiveCfg = Debug|Win32
		{2D055626-AD7E-4938-B59E-FE1B8851AA32}.Debug|Mixed Platforms.Build.0 = Debug|Win32
		{2D055626-AD7E-4938-B59E-FE1B8851AA32}.Debug|Win32.ActiveCfg = Debug|Win32
		{2D055626-AD7E-4938-B59E-FE1B8851AA32}.Debug|Win32.Build.0 = Debug|Win32
		{2D055626-AD7E-4938-B59E-FE1B8851AA32}.Debug|x86.ActiveCfg = Debug|Win32
		{2D055626-AD7E-4938-B59E-FE1B8851AA32}.Release|Any CPU.ActiveCfg = Release|Win32
		{2D055626-AD7E-4938-B59E-FE1B8851AA32}.Release|Mixed Platforms.ActiveCfg = Release|Win32
		{2D055626-AD7E-4938-B59E-FE1B8851AA32}.Release|Mixed Platforms.Build.0 = Release|Win32
		{2D055626-AD7E-4938-B59E-FE1B8851AA32}.Release|Win32.ActiveCfg = Release|Win32
		{2D055626-AD7E-4938-B59E-FE1B8851AA32}.Release|Win32.Build.0 = Release|Win32
		{2D055626-AD7E-4938-B59E-FE1B8851AA32}.Release|x86.ActiveCfg = Release|Win32
		{4AC69AEF-37A1-44C8-B081-518527FD527C}.Debug|Any CPU.ActiveCfg = Debug|Win32
		{4AC69AEF-37A1-44C8-B081-518527FD527C}.Debug|Mixed Platforms.ActiveCfg = Debug|Win32
		{4AC69AEF-37A1-44C8-B081-518527FD527C}.Debug|Mixed Platforms.Build.0 = Debug|Win32
		{4AC69AEF-37A1-44C8-B081-518527FD527C}.Debug|Win32.ActiveCfg = Debug|Win32
		{4AC69AEF-37A1-44C8-B081-518527FD527C}.Debug|Win32.Build.0 = Debug|Win32
		{4AC69AEF-37A1-44C8-B081-518527FD527C}.Debug|x86.ActiveCfg = Debug|Win32
		{4AC69AEF-37A1-44C8-B081-518527FD527C}.Release|Any CPU.ActiveCfg = Release|Win32
		{4AC69AEF-37A1-44C8-B081-518527FD527C}.Release|Mixed Platforms.ActiveCfg = Release|Win32
		{4AC69AEF-37A1-44C8-B081-518527FD527C}.Release|Mixed Platforms.Build.0 = Release|Win32
		{4AC69AEF-37A1-44C8-B081-518527FD527C}.Release|Win32.ActiveCfg = Release|Win32
		{4AC69AEF-37A1-44C8-B081-518527FD527C}.Release|Win32.Build.0 = Release|Win32
		{4AC69AEF-37A1-44C8-B081-518527FD527C}.Release|x86.ActiveCfg = Release|Win32
		{3535F6FA-DA4D-4A49-8587-3BE2DC8C4278}.Debug|Any CPU.ActiveCfg = Debug|Win32
		{3535F6FA-DA4D-4A49-8587-3BE2DC8C4278}.Debug|Mixed Platforms.ActiveCfg = Debug|Win32
		{3535F6FA-DA4D-4A49-8587-3BE2DC8C4278}.Debug|Mixed Platforms.Build.0 = Debug|Win32
		{3535F6FA-DA4D-4A49-8587-3BE2DC8C4278}.Debug|Win32.ActiveCfg = Debug|Win32
		{3535F6FA-DA4D-4A49-8587-3BE2DC8C4278}.Debug|Win32.Build.0 = Debug|Win32
		{3535F6FA-DA4D-4A49-8587-3BE2DC8C4278}.Debug|x86.ActiveCfg = Debug|Win32
		{3535F6FA-DA4D-4A49-8587-3BE2DC8C4278}.Release|Any CPU.ActiveCfg = Release|Win32
		{3535F6FA-DA4D-4A49-8587-3BE2DC8C4278}.Release|Mixed Platforms.ActiveCfg = Release|Win32
		{3535F6FA-DA4D-4A49-8587-3BE2DC8C4278}.Release|Mixed Platforms.Build.0 = Release|Win32
		{3535F6FA-DA4D-4A49-8587-3BE2DC8C4278}.Release|Win32.ActiveCfg = Release|Win32
		{3535F6FA-DA4D-4A49-8587-3BE2DC8C4278}.Release|Win32.Build.0 = Release|Win32
		{3535F6FA-DA4D-4A49-8587-3BE2DC8C4278}.Release|x86.ActiveCfg = Release|Win32
		{E3CE7562-E989-4069-AD9F-FD7D45B1DC46}.Debug|Any CPU.ActiveCfg = Debug|Win32
		{E3CE7562-E989-4069-AD9F-FD7D45B1DC46}.Debug|Mixed Platforms.ActiveCfg = Debug|Win32
		{E3CE7562-E989-4069-AD9F-FD7D45B1DC46}.Debug|Mixed Platforms.Build.0 = Debug|Win32
		{E3CE7562-E989-4069-AD9F-FD7D45B1DC46}.Debug|Win32.ActiveCfg = Debug|Win32
		{E3CE7562-E989-4069-AD9F-FD7D45B1DC46}.Debug|Win32.Build.0 = Debug|Win32
		{E3CE7562-E989-4069-AD9F-FD7D45B1DC46}.Debug|x86.ActiveCfg = Debug|Win32
		{E3CE7562-E989-4069-AD9F-FD7D45B1DC46}.Release|Any CPU.ActiveCfg = Release|Win32
		{E3CE7562-E989-4069-AD9F-FD7D45B1DC46}.Release|Mixed Platforms.ActiveCfg = Release|Win32
		{E3CE7562-E989-4069-AD9F-FD7D45B1DC46}.Release|Mixed Platforms.Build.0 = Release|Win32
		{E3CE7562-E989-4069-AD9F-FD7D45B1DC46}.Release|Win32.ActiveCfg = Release|Win32
		{E3CE7562-E989-4069-AD9F-FD7D45B1DC46}.Release|Win32.Build.0 = Release|Win32
		{E3CE7562-E989-4069-AD9F-FD7D45B1DC46}.Release|x86.ActiveCfg = Release|Win32
		{E077393A-A460-43CF-869E-D4B3EA36DC3B}.Debug|Any CPU.ActiveCfg = Debug|Win32
		{E077393A-A460-43CF-869E-D4B3EA36DC3B}.Debug|Mixed Platforms.ActiveCfg = Debug|Win32
		{E077393A-A460-43CF-869E-D4B3EA36DC3B}.Debug|Mixed Platforms.Build.0 = Debug|Win32
		{E077393A-A460-43CF-869E-D4B3EA36DC3B}.Debug|Win32.ActiveCfg = Debug|Win32
		{E077393A-A460-43CF-869E-D4B3EA36DC3B}.Debug|Win32.Build.0 = Debug|Win32
		{E077393A-A460-43CF-869E-D4B3EA36DC3B}.Debug|x86.ActiveCfg = Debug|Win32
		{E077393A-A460-43CF-869E-D4B3EA36DC3B}.Release|Any CPU.ActiveCfg = Release|Win32
		{E077393A-A460-43CF-869E-D4B3EA36DC3B}.Release|Mixed Platforms.ActiveCfg = Release|Win32
		{E077393A-A460-43CF-869E-D4B3EA36DC3B}.Release|Mixed Platforms.Build.0 = Release|Win32
		{E077393A-A460-43CF-869E-D4B3EA36DC3B}.Release|Win32.ActiveCfg = Release|Win32
		{E077393A-A460-43CF-869E-D4B3EA36DC3B}.Release|Win32.Build.0 = Release|Win32
		{E077393A-A460-43CF-869E-D4B3EA36DC3B}.Release|x86.ActiveCfg = Release|Win32
		{0F9D9851-7103-4CA2-977F-266020313BAF}.Debug|Any CPU.ActiveCfg = Debug|Win32
		{0F9D9851-7103-4CA2-977F-266020313BAF}.Debug|Mixed Platforms.ActiveCfg = Debug|Win32
		{0F9D9851-7103-4CA2-977F-266020313BAF}.Debug|Mixed Platforms.Build.0 = Debug|Win32
		{0F9D9851-7103-4CA2-977F-266020313BAF}.Debug|Win32.ActiveCfg = Debug|Win32
		{0F9D9851-7103-4CA2-977F-266020313BAF}.Debug|Win32.Build.0 = Debug|Win32
		{0F9D9851-7103-4CA2-977F-266020313BAF}.Debug|x86.ActiveCfg = Debug|Win32
		{0F9D9851-7103-4CA2-977F-266020313BAF}.Release|Any CPU.ActiveCfg = Release|Win32
		{0F9D9851-7103-4CA2-977F-266020313BAF}.Release|Mixed Platforms.ActiveCfg = Release|Win32
		{0F9D9851-7103-4CA2-977F-266020313BAF}.Release|Mixed Platforms.Build.0 = Release|Win32
		{0F9D9851-7103-4CA2-977F-266020313BAF}.Release|Win32.ActiveCfg = Release|Win32
		{0F9D9851-7103-4CA2-977F-266020313BAF}.Release|Win32.Build.0 = Release|Win32
		{0F9D9851-7103-4CA2-977F-266020313BAF}.Release|x86.ActiveCfg = Release|Win32
		{B4E0ED6D-CAC1-4881-BEE1-C154BA5C7DF4}.Debug|Any CPU.ActiveCfg = Debug|Win32
		{B4E0ED6D-CAC1-4881-BEE1-C154BA5C7DF4}.Debug|Mixed Platforms.ActiveCfg = Debug|Win32
		{B4E0ED6D-CAC1-4881-BEE1-C154BA5C7DF4}.Debug|Mixed Platforms.Build.0 = Debug|Win32
		{B4E0ED6D-CAC1-4881-BEE1-C154BA5C7DF4}.Debug|Win32.ActiveCfg = Debug|Win32
		{B4E0ED6D-CAC1-4881-BEE1-C154BA5C7DF4}.Debug|Win32.Build.0 = Debug|Win32
		{B4E0ED6D-CAC1-4881-BEE1-C154BA5C7DF4}.Debug|x86.ActiveCfg = Debug|Win32
		{B4E0ED6D-CAC1-4881-BEE1-C154BA5C7DF4}.Release|Any CPU.ActiveCfg = Release|Win32
		{B4E0ED6D-CAC1-4881-BEE1-C154BA5C7DF4}.Release|Mixed Platforms.ActiveCfg = Release|Win32
		{B4E0ED6D-CAC1-4881-BEE1-C154BA5C7DF4}.Release|Mixed Platforms.Build.0 = Release|Win32
		{B4E0ED6D-CAC1-4881-BEE1-C154BA5C7DF4}.Release|Win32.ActiveCfg = Release|Win32
		{B4E0ED6D-CAC1-4881-BEE1-C154BA5C7DF4}.Release|Win32.Build.0 = Release|Win32
		{B4E0ED6D-CAC1-4881-BEE1-C154BA5C7DF4}.Release|x86.ActiveCfg = Release|Win32
		{8C9A324B-23A7-49CF-95E9-1B6209761472}.Debug|Any CPU.ActiveCfg = Debug|Win32
		{8C9A324B-23A7-49CF-95E9-1B6209761472}.Debug|Mixed Platforms.ActiveCfg = Debug|Win32
		{8C9A324B-23A7-49CF-95E9-1B6209761472}.Debug|Mixed Platforms.Build.0 = Debug|Win32
		{8C9A324B-23A7-49CF-95E9-1B6209761472}.Debug|Win32.ActiveCfg = Debug|Win32
		{8C9A324B-23A7-49CF-95E9-1B6209761472}.Debug|Win32.Build.0 = Debug|Win32
		{8C9A324B-23A7-49CF-95E9-1B6209761472}.Debug|x86.ActiveCfg = Debug|Win32
		{8C9A324B-23A7-49CF-95E9-1B6209761472}.Release|Any CPU.ActiveCfg = Release|Win32
		{8C9A324B-23A7-49CF-95E9-1B6209761472}.Release|Mixed Platforms.ActiveCfg = Release|Win32
		{8C9A324B-23A7-49CF-95E9-1B6209761472}.Release|Mixed Platforms.Build.0 = Release|Win32
		{8C9A324B-23A7-49CF-95E9-1B6209761472}.Release|Win32.ActiveCfg = Release|Win32
		{8C9A324B-23A7-49CF-95E9-1B6209761472}.Release|Win32.Build.0 = Release|Win32
		{8C9A324B-23A7-49CF-95E9-1B6209761472}.Release|x86.ActiveCfg = Release|Win32
		{FD2C96E5-32AC-4F7F-924A-F0C332EAA221}.Debug|Any CPU.ActiveCfg = Debug|x86
		{FD2C96E5-32AC-4F7F-924A-F0C332EAA221}.Debug|Mixed Platforms.ActiveCfg = Debug|x86
		{FD2C96E5-32AC-4F7F-924A-F0C332EAA221}.Debug|Mixed Platforms.Build.0 = Debug|x86
		{FD2C96E5-32AC-4F7F-924A-F0C332EAA221}.Debug|Win32.ActiveCfg = Debug|x86
		{FD2C96E5-32AC-4F7F-924A-F0C332EAA221}.Debug|x86.ActiveCfg = Debug|x86
		{FD2C96E5-32AC-4F7F-924A-F0C332EAA221}.Debug|x86.Build.0 = Debug|x86
		{FD2C96E5-32AC-4F7F-924A-F0C332EAA221}.Release|Any CPU.ActiveCfg = Release|x86
		{FD2C96E5-32AC-4F7F-924A-F0C332EAA221}.Release|Mixed Platforms.ActiveCfg = Release|x86
		{FD2C96E5-32AC-4F7F-924A-F0C332EAA221}.Release|Mixed Platforms.Build.0 = Release|x86
		{FD2C96E5-32AC-4F7F-924A-F0C332EAA221}.Release|Win32.ActiveCfg = Release|x86
		{FD2C96E5-32AC-4F7F-924A-F0C332EAA221}.Release|x86.ActiveCfg = Release|x86
		{FD2C96E5-32AC-4F7F-924A-F0C332EAA221}.Release|x86.Build.0 = Release|x86
		{B35D6007-1C1B-48A3-A6A8-B9438366537A}.Debug|Any CPU.ActiveCfg = Debug|Any CPU
		{B35D6007-1C1B-48A3-A6A8-B9438366537A}.Debug|Any CPU.Build.0 = Debug|Any CPU
		{B35D6007-1C1B-48A3-A6A8-B9438366537A}.Debug|Mixed Platforms.ActiveCfg = Debug|Any CPU
		{B35D6007-1C1B-48A3-A6A8-B9438366537A}.Debug|Mixed Platforms.Build.0 = Debug|Any CPU
		{B35D6007-1C1B-48A3-A6A8-B9438366537A}.Debug|Win32.ActiveCfg = Debug|Any CPU
		{B35D6007-1C1B-48A3-A6A8-B9438366537A}.Debug|x86.ActiveCfg = Debug|Any CPU
		{B35D6007-1C1B-48A3-A6A8-B9438366537A}.Release|Any CPU.ActiveCfg = Release|Any CPU
		{B35D6007-1C1B-48A3-A6A8-B9438366537A}.Release|Any CPU.Build.0 = Release|Any CPU
		{B35D6007-1C1B-48A3-A6A8-B9438366537A}.Release|Mixed Platforms.ActiveCfg = Release|Any CPU
		{B35D6007-1C1B-48A3-A6A8-B9438366537A}.Release|Mixed Platforms.Build.0 = Release|Any CPU
		{B35D6007-1C1B-48A3-A6A8-B9438366537A}.Release|Win32.ActiveCfg = Release|Any CPU
		{B35D6007-1C1B-48A3-A6A8-B9438366537A}.Release|x86.ActiveCfg = Release|Any CPU
		{9F99884F-7129-4BF4-AF3F-98DAEAB5224C}.Debug|Any CPU.ActiveCfg = Debug|Win32
		{9F99884F-7129-4BF4-AF3F-98DAEAB5224C}.Debug|Mixed Platforms.ActiveCfg = Debug|Win32
		{9F99884F-7129-4BF4-AF3F-98DAEAB5224C}.Debug|Mixed Platforms.Build.0 = Debug|Win32
		{9F99884F-7129-4BF4-AF3F-98DAEAB5224C}.Debug|Win32.ActiveCfg = Debug|Win32
		{9F99884F-7129-4BF4-AF3F-98DAEAB5224C}.Debug|Win32.Build.0 = Debug|Win32
		{9F99884F-7129-4BF4-AF3F-98DAEAB5224C}.Debug|x86.ActiveCfg = Debug|Win32
		{9F99884F-7129-4BF4-AF3F-98DAEAB5224C}.Release|Any CPU.ActiveCfg = Release|Win32
		{9F99884F-7129-4BF4-AF3F-98DAEAB5224C}.Release|Mixed Platforms.ActiveCfg = Release|Win32
		{9F99884F-7129-4BF4-AF3F-98DAEAB5224C}.Release|Mixed Platforms.Build.0 = Release|Win32
		{9F99884F-7129-4BF4-AF3F-98DAEAB5224C}.Release|Win32.ActiveCfg = Release|Win32
		{9F99884F-7129-4BF4-AF3F-98DAEAB5224C}.Release|Win32.Build.0 = Release|Win32
		{9F99884F-7129-4BF4-AF3F-98DAEAB5224C}.Release|x86.ActiveCfg = Release|Win32
		{0270E5BD-21C1-4423-9969-0EF1CE1B0274}.Debug|Any CPU.ActiveCfg = Debug|Win32
		{0270E5BD-21C1-4423-9969-0EF1CE1B0274}.Debug|Mixed Platforms.ActiveCfg = Debug|Win32
		{0270E5BD-21C1-4423-9969-0EF1CE1B0274}.Debug|Mixed Platforms.Build.0 = Debug|Win32
		{0270E5BD-21C1-4423-9969-0EF1CE1B0274}.Debug|Win32.ActiveCfg = Debug|Win32
		{0270E5BD-21C1-4423-9969-0EF1CE1B0274}.Debug|Win32.Build.0 = Debug|Win32
		{0270E5BD-21C1-4423-9969-0EF1CE1B0274}.Debug|x86.ActiveCfg = Debug|Win32
		{0270E5BD-21C1-4423-9969-0EF1CE1B0274}.Release|Any CPU.ActiveCfg = Release|Win32
		{0270E5BD-21C1-4423-9969-0EF1CE1B0274}.Release|Mixed Platforms.ActiveCfg = Release|Win32
		{0270E5BD-21C1-4423-9969-0EF1CE1B0274}.Release|Mixed Platforms.Build.0 = Release|Win32
		{0270E5BD-21C1-4423-9969-0EF1CE1B0274}.Release|Win32.ActiveCfg = Release|Win32
		{0270E5BD-21C1-4423-9969-0EF1CE1B0274}.Release|Win32.Build.0 = Release|Win32
		{0270E5BD-21C1-4423-9969-0EF1CE1B0274}.Release|x86.ActiveCfg = Release|Win32
		{FC0E908A-2D96-41D5-B2BC-7416E325DCCC}.Debug|Any CPU.ActiveCfg = Debug|Win32
		{FC0E908A-2D96-41D5-B2BC-7416E325DCCC}.Debug|Mixed Platforms.ActiveCfg = Debug|Win32
		{FC0E908A-2D96-41D5-B2BC-7416E325DCCC}.Debug|Mixed Platforms.Build.0 = Debug|Win32
		{FC0E908A-2D96-41D5-B2BC-7416E325DCCC}.Debug|Win32.ActiveCfg = Debug|Win32
		{FC0E908A-2D96-41D5-B2BC-7416E325DCCC}.Debug|Win32.Build.0 = Debug|Win32
		{FC0E908A-2D96-41D5-B2BC-7416E325DCCC}.Debug|x86.ActiveCfg = Debug|Win32
		{FC0E908A-2D96-41D5-B2BC-7416E325DCCC}.Release|Any CPU.ActiveCfg = Release|Win32
		{FC0E908A-2D96-41D5-B2BC-7416E325DCCC}.Release|Mixed Platforms.ActiveCfg = Release|Win32
		{FC0E908A-2D96-41D5-B2BC-7416E325DCCC}.Release|Mixed Platforms.Build.0 = Release|Win32
		{FC0E908A-2D96-41D5-B2BC-7416E325DCCC}.Release|Win32.ActiveCfg = Release|Win32
		{FC0E908A-2D96-41D5-B2BC-7416E325DCCC}.Release|Win32.Build.0 = Release|Win32
		{FC0E908A-2D96-41D5-B2BC-7416E325DCCC}.Release|x86.ActiveCfg = Release|Win32
		{894AE4B6-30FF-493E-85A5-D115DF29C848}.Debug|Any CPU.ActiveCfg = Debug|Win32
		{894AE4B6-30FF-493E-85A5-D115DF29C848}.Debug|Mixed Platforms.ActiveCfg = Debug|Win32
		{894AE4B6-30FF-493E-85A5-D115DF29C848}.Debug|Mixed Platforms.Build.0 = Debug|Win32
		{894AE4B6-30FF-493E-85A5-D115DF29C848}.Debug|Win32.ActiveCfg = Debug|Win32
		{894AE4B6-30FF-493E-85A5-D115DF29C848}.Debug|Win32.Build.0 = Debug|Win32
		{894AE4B6-30FF-493E-85A5-D115DF29C848}.Debug|x86.ActiveCfg = Debug|Win32
		{894AE4B6-30FF-493E-85A5-D115DF29C848}.Release|Any CPU.ActiveCfg = Release|Win32
		{894AE4B6-30FF-493E-85A5-D115DF29C848}.Release|Mixed Platforms.ActiveCfg = Release|Win32
		{894AE4B6-30FF-493E-85A5-D115DF29C848}.Release|Mixed Platforms.Build.0 = Release|Win32
		{894AE4B6-30FF-493E-85A5-D115DF29C848}.Release|Win32.ActiveCfg = Release|Win32
		{894AE4B6-30FF-493E-85A5-D115DF29C848}.Release|Win32.Build.0 = Release|Win32
		{894AE4B6-30FF-493E-85A5-D115DF29C848}.Release|x86.ActiveCfg = Release|Win32
		{0174F226-8548-412C-BEB5-93E3C167217A}.Debug|Any CPU.ActiveCfg = Debug|Win32
		{0174F226-8548-412C-BEB5-93E3C167217A}.Debug|Mixed Platforms.ActiveCfg = Debug|Win32
		{0174F226-8548-412C-BEB5-93E3C167217A}.Debug|Mixed Platforms.Build.0 = Debug|Win32
		{0174F226-8548-412C-BEB5-93E3C167217A}.Debug|Win32.ActiveCfg = Debug|Win32
		{0174F226-8548-412C-BEB5-93E3C167217A}.Debug|Win32.Build.0 = Debug|Win32
		{0174F226-8548-412C-BEB5-93E3C167217A}.Debug|x86.ActiveCfg = Debug|Win32
		{0174F226-8548-412C-BEB5-93E3C167217A}.Release|Any CPU.ActiveCfg = Release|Win32
		{0174F226-8548-412C-BEB5-93E3C167217A}.Release|Mixed Platforms.ActiveCfg = Release|Win32
		{0174F226-8548-412C-BEB5-93E3C167217A}.Release|Mixed Platforms.Build.0 = Release|Win32
		{0174F226-8548-412C-BEB5-93E3C167217A}.Release|Win32.ActiveCfg = Release|Win32
		{0174F226-8548-412C-BEB5-93E3C167217A}.Release|Win32.Build.0 = Release|Win32
		{0174F226-8548-412C-BEB5-93E3C167217A}.Release|x86.ActiveCfg = Release|Win32
	EndGlobalSection
	GlobalSection(SolutionProperties) = preSolution
		HideSolutionNode = FALSE
	EndGlobalSection
	GlobalSection(NestedProjects) = preSolution
		{894AE4B6-30FF-493E-85A5-D115DF29C848} = {3EA42127-C7E3-4B15-BCCB-509AE66B1E59}
		{0174F226-8548-412C-BEB5-93E3C167217A} = {3EA42127-C7E3-4B15-BCCB-509AE66B1E59}
	EndGlobalSection
EndGlobal
