<?xml version="1.0" encoding="utf-8"?>
<Project ToolsVersion="4.0" xmlns="http://schemas.microsoft.com/developer/msbuild/2003">
  <ItemGroup>
    <Filter Include="源文件">
      <UniqueIdentifier>{4FC737F1-C7A5-4376-A066-2A32D752A2FF}</UniqueIdentifier>
      <Extensions>cpp;c;cc;cxx;def;odl;idl;hpj;bat;asm;asmx</Extensions>
    </Filter>
    <Filter Include="头文件">
      <UniqueIdentifier>{93995380-89BD-4b04-88EB-625FBE52EBFB}</UniqueIdentifier>
      <Extensions>h;hpp;hxx;hm;inl;inc;xsd</Extensions>
    </Filter>
    <Filter Include="SpecialSymbol">
      <UniqueIdentifier>{da2c82d7-8ff1-4328-8e11-1f9fc69f54e6}</UniqueIdentifier>
    </Filter>
  </ItemGroup>
  <ItemGroup>
    <ClInclude Include="Stdafx.h">
      <Filter>头文件</Filter>
    </ClInclude>
    <ClInclude Include="InOut.h">
      <Filter>头文件</Filter>
    </ClInclude>
    <ClInclude Include="Logic.h">
      <Filter>头文件</Filter>
    </ClInclude>
    <ClInclude Include="CompositeExpression.h">
      <Filter>头文件</Filter>
    </ClInclude>
    <ClInclude Include="SingleExpression.h">
      <Filter>头文件</Filter>
    </ClInclude>
    <ClInclude Include="Symbol.h">
      <Filter>头文件</Filter>
    </ClInclude>
    <ClInclude Include="RelationLeaf.h">
      <Filter>头文件</Filter>
    </ClInclude>
    <ClInclude Include="RelationNode.h">
      <Filter>头文件</Filter>
    </ClInclude>
    <ClInclude Include="Inequality.h">
      <Filter>头文件</Filter>
    </ClInclude>
    <ClInclude Include="LogicStatement.h">
      <Filter>头文件</Filter>
    </ClInclude>
    <ClInclude Include="DeduceResult.h">
      <Filter>头文件</Filter>
    </ClInclude>
    <ClInclude Include="Equality.h">
      <Filter>头文件</Filter>
    </ClInclude>
    <ClInclude Include="LogicElementCreator.h">
      <Filter>头文件</Filter>
    </ClInclude>
    <ClInclude Include="Number.h">
      <Filter>SpecialSymbol</Filter>
    </ClInclude>
    <ClInclude Include="Arbitrariness.h">
      <Filter>SpecialSymbol</Filter>
    </ClInclude>
    <ClInclude Include="Verb.h">
      <Filter>SpecialSymbol</Filter>
    </ClInclude>
    <ClInclude Include="ReduceResult.h">
      <Filter>头文件</Filter>
    </ClInclude>
  </ItemGroup>
  <ItemGroup>
    <ClCompile Include="Stdafx.cpp">
      <Filter>源文件</Filter>
    </ClCompile>
    <ClCompile Include="Logic.cpp">
      <Filter>源文件</Filter>
    </ClCompile>
    <ClCompile Include="CompositeExpression.cpp">
      <Filter>源文件</Filter>
    </ClCompile>
    <ClCompile Include="SingleExpression.cpp">
      <Filter>源文件</Filter>
    </ClCompile>
    <ClCompile Include="Symbol.cpp">
      <Filter>源文件</Filter>
    </ClCompile>
    <ClCompile Include="RelationLeaf.cpp">
      <Filter>源文件</Filter>
    </ClCompile>
    <ClCompile Include="RelationNode.cpp">
      <Filter>源文件</Filter>
    </ClCompile>
    <ClCompile Include="Inequality.cpp">
      <Filter>源文件</Filter>
    </ClCompile>
    <ClCompile Include="LogicStatement.cpp">
      <Filter>源文件</Filter>
    </ClCompile>
    <ClCompile Include="DeduceResult.cpp">
      <Filter>源文件</Filter>
    </ClCompile>
    <ClCompile Include="Equality.cpp">
      <Filter>源文件</Filter>
    </ClCompile>
    <ClCompile Include="LogicElementCreator.cpp">
      <Filter>源文件</Filter>
    </ClCompile>
    <ClCompile Include="Number.cpp">
      <Filter>SpecialSymbol</Filter>
    </ClCompile>
    <ClCompile Include="ReduceResult.cpp">
      <Filter>源文件</Filter>
    </ClCompile>
  </ItemGroup>
  <ItemGroup>
    <None Include="ReadMe.txt" />
  </ItemGroup>
</Project>