<?xml version="1.0" encoding="utf-8"?>
<Project ToolsVersion="4.0" xmlns="http://schemas.microsoft.com/developer/msbuild/2003">
  <ItemGroup>
    <Filter Include="源文件">
      <UniqueIdentifier>{4FC737F1-C7A5-4376-A066-2A32D752A2FF}</UniqueIdentifier>
      <Extensions>cpp;c;cc;cxx;def;odl;idl;hpj;bat;asm;asmx</Extensions>
    </Filter>
    <Filter Include="头文件">
      <UniqueIdentifier>{93995380-89BD-4b04-88EB-625FBE52EBFB}</UniqueIdentifier>
      <Extensions>h;hpp;hxx;hm;inl;inc;xsd</Extensions>
    </Filter>
  </ItemGroup>
  <ItemGroup>
    <ClInclude Include="Stdafx.h">
      <Filter>头文件</Filter>
    </ClInclude>
    <ClInclude Include="InOut.h">
      <Filter>头文件</Filter>
    </ClInclude>
    <ClInclude Include="ConceptSet.h">
      <Filter>头文件</Filter>
    </ClInclude>
    <ClInclude Include="Cerebrum.h">
      <Filter>头文件</Filter>
    </ClInclude>
    <ClInclude Include="GrammaTree.h">
      <Filter>头文件</Filter>
    </ClInclude>
    <ClInclude Include="GrammaSet.h">
      <Filter>头文件</Filter>
    </ClInclude>
    <ClInclude Include="FilePath.h">
      <Filter>头文件</Filter>
    </ClInclude>
    <ClInclude Include="CommonFunction.h">
      <Filter>头文件</Filter>
    </ClInclude>
    <ClInclude Include="ConceptInteractTableContainer.h">
      <Filter>头文件</Filter>
    </ClInclude>
    <ClInclude Include="ConceptSetInitializer.h">
      <Filter>头文件</Filter>
    </ClInclude>
    <ClInclude Include="ConceptReactSystem.h">
      <Filter>头文件</Filter>
    </ClInclude>
    <ClInclude Include="FindConnectConcept.h">
      <Filter>头文件</Filter>
    </ClInclude>
    <ClInclude Include="ConceptReactImp.h">
      <Filter>头文件</Filter>
    </ClInclude>
    <ClInclude Include="ConceptReactImp_1234.h">
      <Filter>头文件</Filter>
    </ClInclude>
    <ClInclude Include="ConceptReactImp_1212.h">
      <Filter>头文件</Filter>
    </ClInclude>
    <ClInclude Include="LogicKnowledge.h">
      <Filter>头文件</Filter>
    </ClInclude>
    <ClInclude Include="LogicKnowledgeInitializer.h">
      <Filter>头文件</Filter>
    </ClInclude>
  </ItemGroup>
  <ItemGroup>
    <ClCompile Include="Stdafx.cpp">
      <Filter>源文件</Filter>
    </ClCompile>
    <ClCompile Include="Cerebrum.cpp">
      <Filter>源文件</Filter>
    </ClCompile>
    <ClCompile Include="GrammaTree.cpp">
      <Filter>源文件</Filter>
    </ClCompile>
    <ClCompile Include="GrammaSet.cpp">
      <Filter>源文件</Filter>
    </ClCompile>
    <ClCompile Include="FilePath.cpp">
      <Filter>源文件</Filter>
    </ClCompile>
    <ClCompile Include="CommonFunction.cpp">
      <Filter>源文件</Filter>
    </ClCompile>
    <ClCompile Include="ConceptSet.cpp">
      <Filter>源文件</Filter>
    </ClCompile>
    <ClCompile Include="ConceptInteractTableContainer.cpp">
      <Filter>源文件</Filter>
    </ClCompile>
    <ClCompile Include="ConceptSetInitializer.cpp">
      <Filter>源文件</Filter>
    </ClCompile>
    <ClCompile Include="ConceptReactSystem.cpp">
      <Filter>源文件</Filter>
    </ClCompile>
    <ClCompile Include="FindConnectConcept.cpp">
      <Filter>源文件</Filter>
    </ClCompile>
    <ClCompile Include="ConceptReactImp.cpp">
      <Filter>源文件</Filter>
    </ClCompile>
    <ClCompile Include="ConceptReactImp_1234.cpp">
      <Filter>源文件</Filter>
    </ClCompile>
    <ClCompile Include="ConceptReactImp_1212.cpp">
      <Filter>源文件</Filter>
    </ClCompile>
    <ClCompile Include="LogicKnowledge.cpp">
      <Filter>源文件</Filter>
    </ClCompile>
    <ClCompile Include="LogicKnowledgeInitializer.cpp">
      <Filter>源文件</Filter>
    </ClCompile>
  </ItemGroup>
</Project>